// !$*UTF8*$!
{
	archiveVersion = 1;
	classes = {
	};
	objectVersion = 46;
	objects = {

/* Begin PBXBuildFile section */
		131BDE9319D06B4A0085EA1B /* AppDelegate.swift in Sources */ = {isa = PBXBuildFile; fileRef = 131BDE9219D06B4A0085EA1B /* AppDelegate.swift */; };
		131BDE9519D06B4A0085EA1B /* ViewController.swift in Sources */ = {isa = PBXBuildFile; fileRef = 131BDE9419D06B4A0085EA1B /* ViewController.swift */; };
		131BDE9819D06B4A0085EA1B /* Main.storyboard in Resources */ = {isa = PBXBuildFile; fileRef = 131BDE9619D06B4A0085EA1B /* Main.storyboard */; };
		131BDE9A19D06B4A0085EA1B /* Images.xcassets in Resources */ = {isa = PBXBuildFile; fileRef = 131BDE9919D06B4A0085EA1B /* Images.xcassets */; };
		131BDE9D19D06B4A0085EA1B /* LaunchScreen.xib in Resources */ = {isa = PBXBuildFile; fileRef = 131BDE9B19D06B4A0085EA1B /* LaunchScreen.xib */; };
		131BDEA919D06B4A0085EA1B /* SKK_for_iOSTests.swift in Sources */ = {isa = PBXBuildFile; fileRef = 131BDEA819D06B4A0085EA1B /* SKK_for_iOSTests.swift */; };
/* End PBXBuildFile section */

/* Begin PBXContainerItemProxy section */
		131BDEA319D06B4A0085EA1B /* PBXContainerItemProxy */ = {
			isa = PBXContainerItemProxy;
			containerPortal = 131BDE8519D06B4A0085EA1B /* Project object */;
			proxyType = 1;
			remoteGlobalIDString = 131BDE8C19D06B4A0085EA1B;
			remoteInfo = "SKK-for-iOS";
		};
/* End PBXContainerItemProxy section */

/* Begin PBXFileReference section */
		131BDE8D19D06B4A0085EA1B /* SKK-for-iOS.app */ = {isa = PBXFileReference; explicitFileType = wrapper.application; includeInIndex = 0; path = "SKK-for-iOS.app"; sourceTree = BUILT_PRODUCTS_DIR; };
		131BDE9119D06B4A0085EA1B /* Info.plist */ = {isa = PBXFileReference; lastKnownFileType = text.plist.xml; path = Info.plist; sourceTree = "<group>"; };
		131BDE9219D06B4A0085EA1B /* AppDelegate.swift */ = {isa = PBXFileReference; lastKnownFileType = sourcecode.swift; path = AppDelegate.swift; sourceTree = "<group>"; };
		131BDE9419D06B4A0085EA1B /* ViewController.swift */ = {isa = PBXFileReference; lastKnownFileType = sourcecode.swift; path = ViewController.swift; sourceTree = "<group>"; };
		131BDE9719D06B4A0085EA1B /* Base */ = {isa = PBXFileReference; lastKnownFileType = file.storyboard; name = Base; path = Base.lproj/Main.storyboard; sourceTree = "<group>"; };
		131BDE9919D06B4A0085EA1B /* Images.xcassets */ = {isa = PBXFileReference; lastKnownFileType = folder.assetcatalog; path = Images.xcassets; sourceTree = "<group>"; };
		131BDE9C19D06B4A0085EA1B /* Base */ = {isa = PBXFileReference; lastKnownFileType = file.xib; name = Base; path = Base.lproj/LaunchScreen.xib; sourceTree = "<group>"; };
		131BDEA219D06B4A0085EA1B /* SKK-for-iOSTests.xctest */ = {isa = PBXFileReference; explicitFileType = wrapper.cfbundle; includeInIndex = 0; path = "SKK-for-iOSTests.xctest"; sourceTree = BUILT_PRODUCTS_DIR; };
		131BDEA719D06B4A0085EA1B /* Info.plist */ = {isa = PBXFileReference; lastKnownFileType = text.plist.xml; path = Info.plist; sourceTree = "<group>"; };
		131BDEA819D06B4A0085EA1B /* SKK_for_iOSTests.swift */ = {isa = PBXFileReference; lastKnownFileType = sourcecode.swift; path = SKK_for_iOSTests.swift; sourceTree = "<group>"; };
/* End PBXFileReference section */

/* Begin PBXFrameworksBuildPhase section */
		131BDE8A19D06B4A0085EA1B /* Frameworks */ = {
			isa = PBXFrameworksBuildPhase;
			buildActionMask = 2147483647;
			files = (
			);
			runOnlyForDeploymentPostprocessing = 0;
		};
		131BDE9F19D06B4A0085EA1B /* Frameworks */ = {
			isa = PBXFrameworksBuildPhase;
			buildActionMask = 2147483647;
			files = (
			);
			runOnlyForDeploymentPostprocessing = 0;
		};
/* End PBXFrameworksBuildPhase section */

/* Begin PBXGroup section */
		131BDE8419D06B4A0085EA1B = {
			isa = PBXGroup;
			children = (
				131BDE8F19D06B4A0085EA1B /* SKK-for-iOS */,
				131BDEA519D06B4A0085EA1B /* SKK-for-iOSTests */,
				131BDE8E19D06B4A0085EA1B /* Products */,
			);
			sourceTree = "<group>";
		};
		131BDE8E19D06B4A0085EA1B /* Products */ = {
			isa = PBXGroup;
			children = (
				131BDE8D19D06B4A0085EA1B /* SKK-for-iOS.app */,
				131BDEA219D06B4A0085EA1B /* SKK-for-iOSTests.xctest */,
			);
			name = Products;
			sourceTree = "<group>";
		};
		131BDE8F19D06B4A0085EA1B /* SKK-for-iOS */ = {
			isa = PBXGroup;
			children = (
				131BDE9219D06B4A0085EA1B /* AppDelegate.swift */,
				131BDE9419D06B4A0085EA1B /* ViewController.swift */,
				131BDE9619D06B4A0085EA1B /* Main.storyboard */,
				131BDE9919D06B4A0085EA1B /* Images.xcassets */,
				131BDE9B19D06B4A0085EA1B /* LaunchScreen.xib */,
				131BDE9019D06B4A0085EA1B /* Supporting Files */,
			);
			path = "SKK-for-iOS";
			sourceTree = "<group>";
		};
		131BDE9019D06B4A0085EA1B /* Supporting Files */ = {
			isa = PBXGroup;
			children = (
				131BDE9119D06B4A0085EA1B /* Info.plist */,
			);
			name = "Supporting Files";
			sourceTree = "<group>";
		};
		131BDEA519D06B4A0085EA1B /* SKK-for-iOSTests */ = {
			isa = PBXGroup;
			children = (
				131BDEA819D06B4A0085EA1B /* SKK_for_iOSTests.swift */,
				131BDEA619D06B4A0085EA1B /* Supporting Files */,
			);
			path = "SKK-for-iOSTests";
			sourceTree = "<group>";
		};
		131BDEA619D06B4A0085EA1B /* Supporting Files */ = {
			isa = PBXGroup;
			children = (
				131BDEA719D06B4A0085EA1B /* Info.plist */,
			);
			name = "Supporting Files";
			sourceTree = "<group>";
		};
/* End PBXGroup section */

/* Begin PBXNativeTarget section */
		131BDE8C19D06B4A0085EA1B /* SKK-for-iOS */ = {
			isa = PBXNativeTarget;
			buildConfigurationList = 131BDEAC19D06B4A0085EA1B /* Build configuration list for PBXNativeTarget "SKK-for-iOS" */;
			buildPhases = (
				131BDE8919D06B4A0085EA1B /* Sources */,
				131BDE8A19D06B4A0085EA1B /* Frameworks */,
				131BDE8B19D06B4A0085EA1B /* Resources */,
			);
			buildRules = (
			);
			dependencies = (
			);
			name = "SKK-for-iOS";
			productName = "SKK-for-iOS";
			productReference = 131BDE8D19D06B4A0085EA1B /* SKK-for-iOS.app */;
			productType = "com.apple.product-type.application";
		};
		131BDEA119D06B4A0085EA1B /* SKK-for-iOSTests */ = {
			isa = PBXNativeTarget;
			buildConfigurationList = 131BDEAF19D06B4A0085EA1B /* Build configuration list for PBXNativeTarget "SKK-for-iOSTests" */;
			buildPhases = (
				131BDE9E19D06B4A0085EA1B /* Sources */,
				131BDE9F19D06B4A0085EA1B /* Frameworks */,
				131BDEA019D06B4A0085EA1B /* Resources */,
			);
			buildRules = (
			);
			dependencies = (
				131BDEA419D06B4A0085EA1B /* PBXTargetDependency */,
			);
			name = "SKK-for-iOSTests";
			productName = "SKK-for-iOSTests";
			productReference = 131BDEA219D06B4A0085EA1B /* SKK-for-iOSTests.xctest */;
			productType = "com.apple.product-type.bundle.unit-test";
		};
/* End PBXNativeTarget section */

/* Begin PBXProject section */
		131BDE8519D06B4A0085EA1B /* Project object */ = {
			isa = PBXProject;
			attributes = {
				LastUpgradeCheck = 0600;
				ORGANIZATIONNAME = codefirst;
				TargetAttributes = {
					131BDE8C19D06B4A0085EA1B = {
						CreatedOnToolsVersion = 6.0.1;
					};
					131BDEA119D06B4A0085EA1B = {
						CreatedOnToolsVersion = 6.0.1;
						TestTargetID = 131BDE8C19D06B4A0085EA1B;
					};
				};
			};
			buildConfigurationList = 131BDE8819D06B4A0085EA1B /* Build configuration list for PBXProject "SKK-for-iOS" */;
			compatibilityVersion = "Xcode 3.2";
			developmentRegion = English;
			hasScannedForEncodings = 0;
			knownRegions = (
				en,
				Base,
			);
			mainGroup = 131BDE8419D06B4A0085EA1B;
			productRefGroup = 131BDE8E19D06B4A0085EA1B /* Products */;
			projectDirPath = "";
			projectRoot = "";
			targets = (
				131BDE8C19D06B4A0085EA1B /* SKK-for-iOS */,
				131BDEA119D06B4A0085EA1B /* SKK-for-iOSTests */,
			);
		};
/* End PBXProject section */

/* Begin PBXResourcesBuildPhase section */
		131BDE8B19D06B4A0085EA1B /* Resources */ = {
			isa = PBXResourcesBuildPhase;
			buildActionMask = 2147483647;
			files = (
				131BDE9819D06B4A0085EA1B /* Main.storyboard in Resources */,
				131BDE9D19D06B4A0085EA1B /* LaunchScreen.xib in Resources */,
				131BDE9A19D06B4A0085EA1B /* Images.xcassets in Resources */,
			);
			runOnlyForDeploymentPostprocessing = 0;
		};
		131BDEA019D06B4A0085EA1B /* Resources */ = {
			isa = PBXResourcesBuildPhase;
			buildActionMask = 2147483647;
			files = (
			);
			runOnlyForDeploymentPostprocessing = 0;
		};
/* End PBXResourcesBuildPhase section */

/* Begin PBXSourcesBuildPhase section */
		131BDE8919D06B4A0085EA1B /* Sources */ = {
			isa = PBXSourcesBuildPhase;
			buildActionMask = 2147483647;
			files = (
				131BDE9519D06B4A0085EA1B /* ViewController.swift in Sources */,
				131BDE9319D06B4A0085EA1B /* AppDelegate.swift in Sources */,
			);
			runOnlyForDeploymentPostprocessing = 0;
		};
		131BDE9E19D06B4A0085EA1B /* Sources */ = {
			isa = PBXSourcesBuildPhase;
			buildActionMask = 2147483647;
			files = (
				131BDEA919D06B4A0085EA1B /* SKK_for_iOSTests.swift in Sources */,
			);
			runOnlyForDeploymentPostprocessing = 0;
		};
/* End PBXSourcesBuildPhase section */

/* Begin PBXTargetDependency section */
		131BDEA419D06B4A0085EA1B /* PBXTargetDependency */ = {
			isa = PBXTargetDependency;
			target = 131BDE8C19D06B4A0085EA1B /* SKK-for-iOS */;
			targetProxy = 131BDEA319D06B4A0085EA1B /* PBXContainerItemProxy */;
		};
/* End PBXTargetDependency section */

/* Begin PBXVariantGroup section */
		131BDE9619D06B4A0085EA1B /* Main.storyboard */ = {
			isa = PBXVariantGroup;
			children = (
				131BDE9719D06B4A0085EA1B /* Base */,
			);
			name = Main.storyboard;
			sourceTree = "<group>";
		};
		131BDE9B19D06B4A0085EA1B /* LaunchScreen.xib */ = {
			isa = PBXVariantGroup;
			children = (
				131BDE9C19D06B4A0085EA1B /* Base */,
			);
			name = LaunchScreen.xib;
			sourceTree = "<group>";
		};
/* End PBXVariantGroup section */

/* Begin XCBuildConfiguration section */
		131BDEAA19D06B4A0085EA1B /* Debug */ = {
			isa = XCBuildConfiguration;
			buildSettings = {
				ALWAYS_SEARCH_USER_PATHS = NO;
				CLANG_CXX_LANGUAGE_STANDARD = "gnu++0x";
				CLANG_CXX_LIBRARY = "libc++";
				CLANG_ENABLE_MODULES = YES;
				CLANG_ENABLE_OBJC_ARC = YES;
				CLANG_WARN_BOOL_CONVERSION = YES;
				CLANG_WARN_CONSTANT_CONVERSION = YES;
				CLANG_WARN_DIRECT_OBJC_ISA_USAGE = YES_ERROR;
				CLANG_WARN_EMPTY_BODY = YES;
				CLANG_WARN_ENUM_CONVERSION = YES;
				CLANG_WARN_INT_CONVERSION = YES;
				CLANG_WARN_OBJC_ROOT_CLASS = YES_ERROR;
				CLANG_WARN_UNREACHABLE_CODE = YES;
				CLANG_WARN__DUPLICATE_METHOD_MATCH = YES;
				"CODE_SIGN_IDENTITY[sdk=iphoneos*]" = "iPhone Developer";
				COPY_PHASE_STRIP = NO;
				ENABLE_STRICT_OBJC_MSGSEND = YES;
				GCC_C_LANGUAGE_STANDARD = gnu99;
				GCC_DYNAMIC_NO_PIC = NO;
				GCC_OPTIMIZATION_LEVEL = 0;
				GCC_PREPROCESSOR_DEFINITIONS = (
					"DEBUG=1",
					"$(inherited)",
				);
				GCC_SYMBOLS_PRIVATE_EXTERN = NO;
				GCC_WARN_64_TO_32_BIT_CONVERSION = YES;
				GCC_WARN_ABOUT_RETURN_TYPE = YES_ERROR;
				GCC_WARN_UNDECLARED_SELECTOR = YES;
				GCC_WARN_UNINITIALIZED_AUTOS = YES_AGGRESSIVE;
				GCC_WARN_UNUSED_FUNCTION = YES;
				GCC_WARN_UNUSED_VARIABLE = YES;
				IPHONEOS_DEPLOYMENT_TARGET = 8.0;
				MTL_ENABLE_DEBUG_INFO = YES;
				ONLY_ACTIVE_ARCH = YES;
				SDKROOT = iphoneos;
				SWIFT_OPTIMIZATION_LEVEL = "-Onone";
				TARGETED_DEVICE_FAMILY = "1,2";
			};
			name = Debug;
		};
		131BDEAB19D06B4A0085EA1B /* Release */ = {
			isa = XCBuildConfiguration;
			buildSettings = {
				ALWAYS_SEARCH_USER_PATHS = NO;
				CLANG_CXX_LANGUAGE_STANDARD = "gnu++0x";
				CLANG_CXX_LIBRARY = "libc++";
				CLANG_ENABLE_MODULES = YES;
				CLANG_ENABLE_OBJC_ARC = YES;
				CLANG_WARN_BOOL_CONVERSION = YES;
				CLANG_WARN_CONSTANT_CONVERSION = YES;
				CLANG_WARN_DIRECT_OBJC_ISA_USAGE = YES_ERROR;
				CLANG_WARN_EMPTY_BODY = YES;
				CLANG_WARN_ENUM_CONVERSION = YES;
				CLANG_WARN_INT_CONVERSION = YES;
				CLANG_WARN_OBJC_ROOT_CLASS = YES_ERROR;
				CLANG_WARN_UNREACHABLE_CODE = YES;
				CLANG_WARN__DUPLICATE_METHOD_MATCH = YES;
				"CODE_SIGN_IDENTITY[sdk=iphoneos*]" = "iPhone Developer";
				COPY_PHASE_STRIP = YES;
				ENABLE_NS_ASSERTIONS = NO;
				ENABLE_STRICT_OBJC_MSGSEND = YES;
				GCC_C_LANGUAGE_STANDARD = gnu99;
				GCC_WARN_64_TO_32_BIT_CONVERSION = YES;
				GCC_WARN_ABOUT_RETURN_TYPE = YES_ERROR;
				GCC_WARN_UNDECLARED_SELECTOR = YES;
				GCC_WARN_UNINITIALIZED_AUTOS = YES_AGGRESSIVE;
				GCC_WARN_UNUSED_FUNCTION = YES;
				GCC_WARN_UNUSED_VARIABLE = YES;
				IPHONEOS_DEPLOYMENT_TARGET = 8.0;
				MTL_ENABLE_DEBUG_INFO = NO;
				SDKROOT = iphoneos;
				TARGETED_DEVICE_FAMILY = "1,2";
				VALIDATE_PRODUCT = YES;
			};
			name = Release;
		};
		131BDEAD19D06B4A0085EA1B /* Debug */ = {
			isa = XCBuildConfiguration;
			buildSettings = {
				ASSETCATALOG_COMPILER_APPICON_NAME = AppIcon;
				INFOPLIST_FILE = "SKK-for-iOS/Info.plist";
				LD_RUNPATH_SEARCH_PATHS = "$(inherited) @executable_path/Frameworks";
				PRODUCT_NAME = "$(TARGET_NAME)";
			};
			name = Debug;
		};
		131BDEAE19D06B4A0085EA1B /* Release */ = {
			isa = XCBuildConfiguration;
			buildSettings = {
				ASSETCATALOG_COMPILER_APPICON_NAME = AppIcon;
				INFOPLIST_FILE = "SKK-for-iOS/Info.plist";
				LD_RUNPATH_SEARCH_PATHS = "$(inherited) @executable_path/Frameworks";
				PRODUCT_NAME = "$(TARGET_NAME)";
			};
			name = Release;
		};
		131BDEB019D06B4A0085EA1B /* Debug */ = {
			isa = XCBuildConfiguration;
			buildSettings = {
				BUNDLE_LOADER = "$(TEST_HOST)";
				FRAMEWORK_SEARCH_PATHS = (
					"$(SDKROOT)/Developer/Library/Frameworks",
					"$(inherited)",
				);
				GCC_PREPROCESSOR_DEFINITIONS = (
					"DEBUG=1",
					"$(inherited)",
				);
				INFOPLIST_FILE = "SKK-for-iOSTests/Info.plist";
				LD_RUNPATH_SEARCH_PATHS = "$(inherited) @executable_path/Frameworks @loader_path/Frameworks";
				PRODUCT_NAME = "$(TARGET_NAME)";
				TEST_HOST = "$(BUILT_PRODUCTS_DIR)/SKK-for-iOS.app/SKK-for-iOS";
			};
			name = Debug;
		};
		131BDEB119D06B4A0085EA1B /* Release */ = {
			isa = XCBuildConfiguration;
			buildSettings = {
				BUNDLE_LOADER = "$(TEST_HOST)";
				FRAMEWORK_SEARCH_PATHS = (
					"$(SDKROOT)/Developer/Library/Frameworks",
					"$(inherited)",
				);
				INFOPLIST_FILE = "SKK-for-iOSTests/Info.plist";
				LD_RUNPATH_SEARCH_PATHS = "$(inherited) @executable_path/Frameworks @loader_path/Frameworks";
				PRODUCT_NAME = "$(TARGET_NAME)";
				TEST_HOST = "$(BUILT_PRODUCTS_DIR)/SKK-for-iOS.app/SKK-for-iOS";
			};
			name = Release;
		};
/* End XCBuildConfiguration section */

/* Begin XCConfigurationList section */
		131BDE8819D06B4A0085EA1B /* Build configuration list for PBXProject "SKK-for-iOS" */ = {
			isa = XCConfigurationList;
			buildConfigurations = (
				131BDEAA19D06B4A0085EA1B /* Debug */,
				131BDEAB19D06B4A0085EA1B /* Release */,
			);
			defaultConfigurationIsVisible = 0;
			defaultConfigurationName = Release;
		};
		131BDEAC19D06B4A0085EA1B /* Build configuration list for PBXNativeTarget "SKK-for-iOS" */ = {
			isa = XCConfigurationList;
			buildConfigurations = (
				131BDEAD19D06B4A0085EA1B /* Debug */,
				131BDEAE19D06B4A0085EA1B /* Release */,
			);
			defaultConfigurationIsVisible = 0;
		};
		131BDEAF19D06B4A0085EA1B /* Build configuration list for PBXNativeTarget "SKK-for-iOSTests" */ = {
			isa = XCConfigurationList;
			buildConfigurations = (
				131BDEB019D06B4A0085EA1B /* Debug */,
				131BDEB119D06B4A0085EA1B /* Release */,
			);
			defaultConfigurationIsVisible = 0;
		};
/* End XCConfigurationList section */
	};
	rootObject = 131BDE8519D06B4A0085EA1B /* Project object */;
}
